
Microsoft Visual Studio Solution File, Format Version 12.00
# Visual Studio Version 17
VisualStudioVersion = 17.10.35027.167
MinimumVisualStudioVersion = 10.0.40219.1
Project("{FAE04EC0-301F-11D3-BF4B-00C04F79EFBC}") = "Catalog.API", "Services\Catalog\Catalog.API\Catalog.API.csproj", "{0F168234-5FA3-425C-8E66-4CA65BD1A575}"
EndProject
Global
	GlobalSection(SolutionConfigurationPlatforms) = preSolution
		Debug|Any CPU = Debug|Any CPU
		Release|Any CPU = Release|Any CPU
	EndGlobalSection
	GlobalSection(ProjectConfigurationPlatforms) = postSolution
		{0F168234-5FA3-425C-8E66-4CA65BD1A575}.Debug|Any CPU.ActiveCfg = Debug|Any CPU
		{0F168234-5FA3-425C-8E66-4CA65BD1A575}.Debug|Any CPU.Build.0 = Debug|Any CPU
		{0F168234-5FA3-425C-8E66-4CA65BD1A575}.Release|Any CPU.ActiveCfg = Release|Any CPU
		{0F168234-5FA3-425C-8E66-4CA65BD1A575}.Release|Any CPU.Build.0 = Release|Any CPU
	EndGlobalSection
	GlobalSection(SolutionProperties) = preSolution
		HideSolutionNode = FALSE
	EndGlobalSection
	GlobalSection(ExtensibilityGlobals) = postSolution
		SolutionGuid = {31E72E39-A85C-49AE-8EDB-47319E8867E6}
	EndGlobalSection
EndGlobal
